// !$*UTF8*$!
{
	archiveVersion = 1;
	classes = {
	};
	objectVersion = 56;
	objects = {

/* Begin PBXBuildFile section */
		DC1C82012AE471D6007CAFAA /* HomePageViewController.swift in Sources */ = {isa = PBXBuildFile; fileRef = DC1C82002AE471D6007CAFAA /* HomePageViewController.swift */; };
		DC1C82032AE47210007CAFAA /* MyWorkTableViewCell.swift in Sources */ = {isa = PBXBuildFile; fileRef = DC1C82022AE47210007CAFAA /* MyWorkTableViewCell.swift */; };
		DCC334E32AE3224D00DB91E0 /* AppDelegate.swift in Sources */ = {isa = PBXBuildFile; fileRef = DCC334E22AE3224D00DB91E0 /* AppDelegate.swift */; };
		DCC334E52AE3224D00DB91E0 /* SceneDelegate.swift in Sources */ = {isa = PBXBuildFile; fileRef = DCC334E42AE3224D00DB91E0 /* SceneDelegate.swift */; };
		DCC334E72AE3224D00DB91E0 /* ViewController.swift in Sources */ = {isa = PBXBuildFile; fileRef = DCC334E62AE3224D00DB91E0 /* ViewController.swift */; };
		DCC334EA2AE3224D00DB91E0 /* Main.storyboard in Resources */ = {isa = PBXBuildFile; fileRef = DCC334E82AE3224D00DB91E0 /* Main.storyboard */; };
		DCC334EC2AE3224F00DB91E0 /* Assets.xcassets in Resources */ = {isa = PBXBuildFile; fileRef = DCC334EB2AE3224F00DB91E0 /* Assets.xcassets */; };
		DCC334EF2AE3224F00DB91E0 /* LaunchScreen.storyboard in Resources */ = {isa = PBXBuildFile; fileRef = DCC334ED2AE3224F00DB91E0 /* LaunchScreen.storyboard */; };
		DCC334F72AE3478900DB91E0 /* ProfileRepoSectionsTableViewCell.swift in Sources */ = {isa = PBXBuildFile; fileRef = DCC334F62AE3478900DB91E0 /* ProfileRepoSectionsTableViewCell.swift */; };
		DCC334F92AE365CB00DB91E0 /* RepoCollectionViewCell.swift in Sources */ = {isa = PBXBuildFile; fileRef = DCC334F82AE365CB00DB91E0 /* RepoCollectionViewCell.swift */; };
/* End PBXBuildFile section */

/* Begin PBXFileReference section */
		DC1C82002AE471D6007CAFAA /* HomePageViewController.swift */ = {isa = PBXFileReference; lastKnownFileType = sourcecode.swift; path = HomePageViewController.swift; sourceTree = "<group>"; };
		DC1C82022AE47210007CAFAA /* MyWorkTableViewCell.swift */ = {isa = PBXFileReference; lastKnownFileType = sourcecode.swift; path = MyWorkTableViewCell.swift; sourceTree = "<group>"; };
		DCC334DF2AE3224D00DB91E0 /* iOS_Github_App_Interface.app */ = {isa = PBXFileReference; explicitFileType = wrapper.application; includeInIndex = 0; path = iOS_Github_App_Interface.app; sourceTree = BUILT_PRODUCTS_DIR; };
		DCC334E22AE3224D00DB91E0 /* AppDelegate.swift */ = {isa = PBXFileReference; lastKnownFileType = sourcecode.swift; path = AppDelegate.swift; sourceTree = "<group>"; };
		DCC334E42AE3224D00DB91E0 /* SceneDelegate.swift */ = {isa = PBXFileReference; lastKnownFileType = sourcecode.swift; path = SceneDelegate.swift; sourceTree = "<group>"; };
		DCC334E62AE3224D00DB91E0 /* ViewController.swift */ = {isa = PBXFileReference; lastKnownFileType = sourcecode.swift; path = ViewController.swift; sourceTree = "<group>"; };
		DCC334E92AE3224D00DB91E0 /* Base */ = {isa = PBXFileReference; lastKnownFileType = file.storyboard; name = Base; path = Base.lproj/Main.storyboard; sourceTree = "<group>"; };
		DCC334EB2AE3224F00DB91E0 /* Assets.xcassets */ = {isa = PBXFileReference; lastKnownFileType = folder.assetcatalog; path = Assets.xcassets; sourceTree = "<group>"; };
		DCC334EE2AE3224F00DB91E0 /* Base */ = {isa = PBXFileReference; lastKnownFileType = file.storyboard; name = Base; path = Base.lproj/LaunchScreen.storyboard; sourceTree = "<group>"; };
		DCC334F02AE3224F00DB91E0 /* Info.plist */ = {isa = PBXFileReference; lastKnownFileType = text.plist.xml; path = Info.plist; sourceTree = "<group>"; };
		DCC334F62AE3478900DB91E0 /* ProfileRepoSectionsTableViewCell.swift */ = {isa = PBXFileReference; lastKnownFileType = sourcecode.swift; path = ProfileRepoSectionsTableViewCell.swift; sourceTree = "<group>"; };
		DCC334F82AE365CB00DB91E0 /* RepoCollectionViewCell.swift */ = {isa = PBXFileReference; lastKnownFileType = sourcecode.swift; path = RepoCollectionViewCell.swift; sourceTree = "<group>"; };
/* End PBXFileReference section */

/* Begin PBXFrameworksBuildPhase section */
		DCC334DC2AE3224D00DB91E0 /* Frameworks */ = {
			isa = PBXFrameworksBuildPhase;
			buildActionMask = 2147483647;
			files = (
			);
			runOnlyForDeploymentPostprocessing = 0;
		};
/* End PBXFrameworksBuildPhase section */

/* Begin PBXGroup section */
		DC1C81FD2AE471AE007CAFAA /* Profile */ = {
			isa = PBXGroup;
			children = (
				DCC334F62AE3478900DB91E0 /* ProfileRepoSectionsTableViewCell.swift */,
				DCC334F82AE365CB00DB91E0 /* RepoCollectionViewCell.swift */,
			);
			path = Profile;
			sourceTree = "<group>";
		};
		DC1C81FF2AE471C1007CAFAA /* Home */ = {
			isa = PBXGroup;
			children = (
				DC1C82002AE471D6007CAFAA /* HomePageViewController.swift */,
				DC1C82022AE47210007CAFAA /* MyWorkTableViewCell.swift */,
			);
			path = Home;
			sourceTree = "<group>";
		};
		DCC334D62AE3224D00DB91E0 = {
			isa = PBXGroup;
			children = (
				DCC334E12AE3224D00DB91E0 /* iOS_Github_App_Interface */,
				DCC334E02AE3224D00DB91E0 /* Products */,
			);
			sourceTree = "<group>";
		};
		DCC334E02AE3224D00DB91E0 /* Products */ = {
			isa = PBXGroup;
			children = (
				DCC334DF2AE3224D00DB91E0 /* iOS_Github_App_Interface.app */,
			);
			name = Products;
			sourceTree = "<group>";
		};
		DCC334E12AE3224D00DB91E0 /* iOS_Github_App_Interface */ = {
			isa = PBXGroup;
			children = (
				DCC334E22AE3224D00DB91E0 /* AppDelegate.swift */,
				DCC334E42AE3224D00DB91E0 /* SceneDelegate.swift */,
				DCC334E62AE3224D00DB91E0 /* ViewController.swift */,
				DC1C81FF2AE471C1007CAFAA /* Home */,
				DC1C81FD2AE471AE007CAFAA /* Profile */,
				DCC334E82AE3224D00DB91E0 /* Main.storyboard */,
				DCC334EB2AE3224F00DB91E0 /* Assets.xcassets */,
				DCC334ED2AE3224F00DB91E0 /* LaunchScreen.storyboard */,
				DCC334F02AE3224F00DB91E0 /* Info.plist */,
			);
			path = iOS_Github_App_Interface;
			sourceTree = "<group>";
		};
/* End PBXGroup section */

/* Begin PBXNativeTarget section */
		DCC334DE2AE3224D00DB91E0 /* iOS_Github_App_Interface */ = {
			isa = PBXNativeTarget;
			buildConfigurationList = DCC334F32AE3224F00DB91E0 /* Build configuration list for PBXNativeTarget "iOS_Github_App_Interface" */;
			buildPhases = (
				DCC334DB2AE3224D00DB91E0 /* Sources */,
				DCC334DC2AE3224D00DB91E0 /* Frameworks */,
				DCC334DD2AE3224D00DB91E0 /* Resources */,
			);
			buildRules = (
			);
			dependencies = (
			);
			name = iOS_Github_App_Interface;
			productName = iOS_Github_App_Interface;
			productReference = DCC334DF2AE3224D00DB91E0 /* iOS_Github_App_Interface.app */;
			productType = "com.apple.product-type.application";
		};
/* End PBXNativeTarget section */

/* Begin PBXProject section */
		DCC334D72AE3224D00DB91E0 /* Project object */ = {
			isa = PBXProject;
			attributes = {
				BuildIndependentTargetsInParallel = 1;
				LastSwiftUpdateCheck = 1500;
				LastUpgradeCheck = 1500;
				TargetAttributes = {
					DCC334DE2AE3224D00DB91E0 = {
						CreatedOnToolsVersion = 15.0;
					};
				};
			};
			buildConfigurationList = DCC334DA2AE3224D00DB91E0 /* Build configuration list for PBXProject "iOS_Github_App_Interface" */;
			compatibilityVersion = "Xcode 14.0";
			developmentRegion = en;
			hasScannedForEncodings = 0;
			knownRegions = (
				en,
				Base,
			);
			mainGroup = DCC334D62AE3224D00DB91E0;
			productRefGroup = DCC334E02AE3224D00DB91E0 /* Products */;
			projectDirPath = "";
			projectRoot = "";
			targets = (
				DCC334DE2AE3224D00DB91E0 /* iOS_Github_App_Interface */,
			);
		};
/* End PBXProject section */

/* Begin PBXResourcesBuildPhase section */
		DCC334DD2AE3224D00DB91E0 /* Resources */ = {
			isa = PBXResourcesBuildPhase;
			buildActionMask = 2147483647;
			files = (
				DCC334EF2AE3224F00DB91E0 /* LaunchScreen.storyboard in Resources */,
				DCC334EC2AE3224F00DB91E0 /* Assets.xcassets in Resources */,
				DCC334EA2AE3224D00DB91E0 /* Main.storyboard in Resources */,
			);
			runOnlyForDeploymentPostprocessing = 0;
		};
/* End PBXResourcesBuildPhase section */

/* Begin PBXSourcesBuildPhase section */
		DCC334DB2AE3224D00DB91E0 /* Sources */ = {
			isa = PBXSourcesBuildPhase;
			buildActionMask = 2147483647;
			files = (
				DCC334E72AE3224D00DB91E0 /* ViewController.swift in Sources */,
				DCC334F92AE365CB00DB91E0 /* RepoCollectionViewCell.swift in Sources */,
				DC1C82012AE471D6007CAFAA /* HomePageViewController.swift in Sources */,
				DCC334E32AE3224D00DB91E0 /* AppDelegate.swift in Sources */,
				DCC334E52AE3224D00DB91E0 /* SceneDelegate.swift in Sources */,
				DC1C82032AE47210007CAFAA /* MyWorkTableViewCell.swift in Sources */,
				DCC334F72AE3478900DB91E0 /* ProfileRepoSectionsTableViewCell.swift in Sources */,
			);
			runOnlyForDeploymentPostprocessing = 0;
		};
/* End PBXSourcesBuildPhase section */

/* Begin PBXVariantGroup section */
		DCC334E82AE3224D00DB91E0 /* Main.storyboard */ = {
			isa = PBXVariantGroup;
			children = (
				DCC334E92AE3224D00DB91E0 /* Base */,
			);
			name = Main.storyboard;
			sourceTree = "<group>";
		};
		DCC334ED2AE3224F00DB91E0 /* LaunchScreen.storyboard */ = {
			isa = PBXVariantGroup;
			children = (
				DCC334EE2AE3224F00DB91E0 /* Base */,
			);
			name = LaunchScreen.storyboard;
			sourceTree = "<group>";
		};
/* End PBXVariantGroup section */

/* Begin XCBuildConfiguration section */
		DCC334F12AE3224F00DB91E0 /* Debug */ = {
			isa = XCBuildConfiguration;
			buildSettings = {
				ALWAYS_SEARCH_USER_PATHS = NO;
				ASSETCATALOG_COMPILER_GENERATE_SWIFT_ASSET_SYMBOL_EXTENSIONS = YES;
				CLANG_ANALYZER_NONNULL = YES;
				CLANG_ANALYZER_NUMBER_OBJECT_CONVERSION = YES_AGGRESSIVE;
				CLANG_CXX_LANGUAGE_STANDARD = "gnu++20";
				CLANG_ENABLE_MODULES = YES;
				CLANG_ENABLE_OBJC_ARC = YES;
				CLANG_ENABLE_OBJC_WEAK = YES;
				CLANG_WARN_BLOCK_CAPTURE_AUTORELEASING = YES;
				CLANG_WARN_BOOL_CONVERSION = YES;
				CLANG_WARN_COMMA = YES;
				CLANG_WARN_CONSTANT_CONVERSION = YES;
				CLANG_WARN_DEPRECATED_OBJC_IMPLEMENTATIONS = YES;
				CLANG_WARN_DIRECT_OBJC_ISA_USAGE = YES_ERROR;
				CLANG_WARN_DOCUMENTATION_COMMENTS = YES;
				CLANG_WARN_EMPTY_BODY = YES;
				CLANG_WARN_ENUM_CONVERSION = YES;
				CLANG_WARN_INFINITE_RECURSION = YES;
				CLANG_WARN_INT_CONVERSION = YES;
				CLANG_WARN_NON_LITERAL_NULL_CONVERSION = YES;
				CLANG_WARN_OBJC_IMPLICIT_RETAIN_SELF = YES;
				CLANG_WARN_OBJC_LITERAL_CONVERSION = YES;
				CLANG_WARN_OBJC_ROOT_CLASS = YES_ERROR;
				CLANG_WARN_QUOTED_INCLUDE_IN_FRAMEWORK_HEADER = YES;
				CLANG_WARN_RANGE_LOOP_ANALYSIS = YES;
				CLANG_WARN_STRICT_PROTOTYPES = YES;
				CLANG_WARN_SUSPICIOUS_MOVE = YES;
				CLANG_WARN_UNGUARDED_AVAILABILITY = YES_AGGRESSIVE;
				CLANG_WARN_UNREACHABLE_CODE = YES;
				CLANG_WARN__DUPLICATE_METHOD_MATCH = YES;
				COPY_PHASE_STRIP = NO;
				DEBUG_INFORMATION_FORMAT = dwarf;
				ENABLE_STRICT_OBJC_MSGSEND = YES;
				ENABLE_TESTABILITY = YES;
				ENABLE_USER_SCRIPT_SANDBOXING = YES;
				GCC_C_LANGUAGE_STANDARD = gnu17;
				GCC_DYNAMIC_NO_PIC = NO;
				GCC_NO_COMMON_BLOCKS = YES;
				GCC_OPTIMIZATION_LEVEL = 0;
				GCC_PREPROCESSOR_DEFINITIONS = (
					"DEBUG=1",
					"$(inherited)",
				);
				GCC_WARN_64_TO_32_BIT_CONVERSION = YES;
				GCC_WARN_ABOUT_RETURN_TYPE = YES_ERROR;
				GCC_WARN_UNDECLARED_SELECTOR = YES;
				GCC_WARN_UNINITIALIZED_AUTOS = YES_AGGRESSIVE;
				GCC_WARN_UNUSED_FUNCTION = YES;
				GCC_WARN_UNUSED_VARIABLE = YES;
				IPHONEOS_DEPLOYMENT_TARGET = 17.0;
				LOCALIZATION_PREFERS_STRING_CATALOGS = YES;
				MTL_ENABLE_DEBUG_INFO = INCLUDE_SOURCE;
				MTL_FAST_MATH = YES;
				ONLY_ACTIVE_ARCH = YES;
				SDKROOT = iphoneos;
				SWIFT_ACTIVE_COMPILATION_CONDITIONS = "DEBUG $(inherited)";
				SWIFT_OPTIMIZATION_LEVEL = "-Onone";
			};
			name = Debug;
		};
		DCC334F22AE3224F00DB91E0 /* Release */ = {
			isa = XCBuildConfiguration;
			buildSettings = {
				ALWAYS_SEARCH_USER_PATHS = NO;
				ASSETCATALOG_COMPILER_GENERATE_SWIFT_ASSET_SYMBOL_EXTENSIONS = YES;
				CLANG_ANALYZER_NONNULL = YES;
				CLANG_ANALYZER_NUMBER_OBJECT_CONVERSION = YES_AGGRESSIVE;
				CLANG_CXX_LANGUAGE_STANDARD = "gnu++20";
				CLANG_ENABLE_MODULES = YES;
				CLANG_ENABLE_OBJC_ARC = YES;
				CLANG_ENABLE_OBJC_WEAK = YES;
				CLANG_WARN_BLOCK_CAPTURE_AUTORELEASING = YES;
				CLANG_WARN_BOOL_CONVERSION = YES;
				CLANG_WARN_COMMA = YES;
				CLANG_WARN_CONSTANT_CONVERSION = YES;
				CLANG_WARN_DEPRECATED_OBJC_IMPLEMENTATIONS = YES;
				CLANG_WARN_DIRECT_OBJC_ISA_USAGE = YES_ERROR;
				CLANG_WARN_DOCUMENTATION_COMMENTS = YES;
				CLANG_WARN_EMPTY_BODY = YES;
				CLANG_WARN_ENUM_CONVERSION = YES;
				CLANG_WARN_INFINITE_RECURSION = YES;
				CLANG_WARN_INT_CONVERSION = YES;
				CLANG_WARN_NON_LITERAL_NULL_CONVERSION = YES;
				CLANG_WARN_OBJC_IMPLICIT_RETAIN_SELF = YES;
				CLANG_WARN_OBJC_LITERAL_CONVERSION = YES;
				CLANG_WARN_OBJC_ROOT_CLASS = YES_ERROR;
				CLANG_WARN_QUOTED_INCLUDE_IN_FRAMEWORK_HEADER = YES;
				CLANG_WARN_RANGE_LOOP_ANALYSIS = YES;
				CLANG_WARN_STRICT_PROTOTYPES = YES;
				CLANG_WARN_SUSPICIOUS_MOVE = YES;
				CLANG_WARN_UNGUARDED_AVAILABILITY = YES_AGGRESSIVE;
				CLANG_WARN_UNREACHABLE_CODE = YES;
				CLANG_WARN__DUPLICATE_METHOD_MATCH = YES;
				COPY_PHASE_STRIP = NO;
				DEBUG_INFORMATION_FORMAT = "dwarf-with-dsym";
				ENABLE_NS_ASSERTIONS = NO;
				ENABLE_STRICT_OBJC_MSGSEND = YES;
				ENABLE_USER_SCRIPT_SANDBOXING = YES;
				GCC_C_LANGUAGE_STANDARD = gnu17;
				GCC_NO_COMMON_BLOCKS = YES;
				GCC_WARN_64_TO_32_BIT_CONVERSION = YES;
				GCC_WARN_ABOUT_RETURN_TYPE = YES_ERROR;
				GCC_WARN_UNDECLARED_SELECTOR = YES;
				GCC_WARN_UNINITIALIZED_AUTOS = YES_AGGRESSIVE;
				GCC_WARN_UNUSED_FUNCTION = YES;
				GCC_WARN_UNUSED_VARIABLE = YES;
				IPHONEOS_DEPLOYMENT_TARGET = 17.0;
				LOCALIZATION_PREFERS_STRING_CATALOGS = YES;
				MTL_ENABLE_DEBUG_INFO = NO;
				MTL_FAST_MATH = YES;
				SDKROOT = iphoneos;
				SWIFT_COMPILATION_MODE = wholemodule;
				VALIDATE_PRODUCT = YES;
			};
			name = Release;
		};
		DCC334F42AE3224F00DB91E0 /* Debug */ = {
			isa = XCBuildConfiguration;
			buildSettings = {
				ASSETCATALOG_COMPILER_APPICON_NAME = AppIcon;
				ASSETCATALOG_COMPILER_GLOBAL_ACCENT_COLOR_NAME = AccentColor;
				CODE_SIGN_STYLE = Automatic;
				CURRENT_PROJECT_VERSION = 1;
				DEVELOPMENT_TEAM = 3755NX4L2K;
				GENERATE_INFOPLIST_FILE = YES;
				INFOPLIST_FILE = iOS_Github_App_Interface/Info.plist;
				INFOPLIST_KEY_UIApplicationSupportsIndirectInputEvents = YES;
				INFOPLIST_KEY_UILaunchStoryboardName = LaunchScreen;
				INFOPLIST_KEY_UIMainStoryboardFile = Main;
				INFOPLIST_KEY_UISupportedInterfaceOrientations_iPad = "UIInterfaceOrientationPortrait UIInterfaceOrientationPortraitUpsideDown UIInterfaceOrientationLandscapeLeft UIInterfaceOrientationLandscapeRight";
				INFOPLIST_KEY_UISupportedInterfaceOrientations_iPhone = "UIInterfaceOrientationPortrait UIInterfaceOrientationLandscapeLeft UIInterfaceOrientationLandscapeRight";
				LD_RUNPATH_SEARCH_PATHS = (
					"$(inherited)",
					"@executable_path/Frameworks",
				);
				MARKETING_VERSION = 1.0;
				PRODUCT_BUNDLE_IDENTIFIER = "com.ahmeterkut.iOS-Github-App-Interface";
				PRODUCT_NAME = "$(TARGET_NAME)";
				SWIFT_EMIT_LOC_STRINGS = YES;
				SWIFT_VERSION = 5.0;
				TARGETED_DEVICE_FAMILY = "1,2";
			};
			name = Debug;
		};
		DCC334F52AE3224F00DB91E0 /* Release */ = {
			isa = XCBuildConfiguration;
			buildSettings = {
				ASSETCATALOG_COMPILER_APPICON_NAME = AppIcon;
				ASSETCATALOG_COMPILER_GLOBAL_ACCENT_COLOR_NAME = AccentColor;
				CODE_SIGN_STYLE = Automatic;
				CURRENT_PROJECT_VERSION = 1;
				DEVELOPMENT_TEAM = 3755NX4L2K;
				GENERATE_INFOPLIST_FILE = YES;
				INFOPLIST_FILE = iOS_Github_App_Interface/Info.plist;
				INFOPLIST_KEY_UIApplicationSupportsIndirectInputEvents = YES;
				INFOPLIST_KEY_UILaunchStoryboardName = LaunchScreen;
				INFOPLIST_KEY_UIMainStoryboardFile = Main;
				INFOPLIST_KEY_UISupportedInterfaceOrientations_iPad = "UIInterfaceOrientationPortrait UIInterfaceOrientationPortraitUpsideDown UIInterfaceOrientationLandscapeLeft UIInterfaceOrientationLandscapeRight";
				INFOPLIST_KEY_UISupportedInterfaceOrientations_iPhone = "UIInterfaceOrientationPortrait UIInterfaceOrientationLandscapeLeft UIInterfaceOrientationLandscapeRight";
				LD_RUNPATH_SEARCH_PATHS = (
					"$(inherited)",
					"@executable_path/Frameworks",
				);
				MARKETING_VERSION = 1.0;
				PRODUCT_BUNDLE_IDENTIFIER = "com.ahmeterkut.iOS-Github-App-Interface";
				PRODUCT_NAME = "$(TARGET_NAME)";
				SWIFT_EMIT_LOC_STRINGS = YES;
				SWIFT_VERSION = 5.0;
				TARGETED_DEVICE_FAMILY = "1,2";
			};
			name = Release;
		};
/* End XCBuildConfiguration section */

/* Begin XCConfigurationList section */
		DCC334DA2AE3224D00DB91E0 /* Build configuration list for PBXProject "iOS_Github_App_Interface" */ = {
			isa = XCConfigurationList;
			buildConfigurations = (
				DCC334F12AE3224F00DB91E0 /* Debug */,
				DCC334F22AE3224F00DB91E0 /* Release */,
			);
			defaultConfigurationIsVisible = 0;
			defaultConfigurationName = Release;
		};
		DCC334F32AE3224F00DB91E0 /* Build configuration list for PBXNativeTarget "iOS_Github_App_Interface" */ = {
			isa = XCConfigurationList;
			buildConfigurations = (
				DCC334F42AE3224F00DB91E0 /* Debug */,
				DCC334F52AE3224F00DB91E0 /* Release */,
			);
			defaultConfigurationIsVisible = 0;
			defaultConfigurationName = Release;
		};
/* End XCConfigurationList section */
	};
	rootObject = DCC334D72AE3224D00DB91E0 /* Project object */;
}
